
Microsoft Visual Studio Solution File, Format Version 12.00
# Visual Studio 15
VisualStudioVersion = 15.0.27703.2042
MinimumVisualStudioVersion = 10.0.40219.1
Project("{FAE04EC0-301F-11D3-BF4B-00C04F79EFBC}") = "MatchGame", "MatchGame\MatchGame.csproj", "{6EDAC00F-5954-4D33-90C1-F55867B239B8}"
EndProject
Global
	GlobalSection(SolutionConfigurationPlatforms) = preSolution
		Debug|Any CPU = Debug|Any CPU
		Release|Any CPU = Release|Any CPU
	EndGlobalSection
	GlobalSection(ProjectConfigurationPlatforms) = postSolution
		{6EDAC00F-5954-4D33-90C1-F55867B239B8}.Debug|Any CPU.ActiveCfg = Debug|Any CPU
		{6EDAC00F-5954-4D33-90C1-F55867B239B8}.Debug|Any CPU.Build.0 = Debug|Any CPU
		{6EDAC00F-5954-4D33-90C1-F55867B239B8}.Release|Any CPU.ActiveCfg = Release|Any CPU
		{6EDAC00F-5954-4D33-90C1-F55867B239B8}.Release|Any CPU.Build.0 = Release|Any CPU
	EndGlobalSection
	GlobalSection(SolutionProperties) = preSolution
		HideSolutionNode = FALSE
	EndGlobalSection
	GlobalSection(ExtensibilityGlobals) = postSolution
		SolutionGuid = {26659C48-021B-4845-91B7-7029A7A12989}
	EndGlobalSection
EndGlobal
